
Microsoft Visual Studio Solution File, Format Version 12.00
# Visual Studio Version 17
VisualStudioVersion = 17.9.34728.123
MinimumVisualStudioVersion = 10.0.40219.1
Project("{FAE04EC0-301F-11D3-BF4B-00C04F79EFBC}") = "eventslab1", "eventslab1.csproj", "{7D12DD36-615C-4E3D-8DBF-68165BB7A367}"
EndProject
Project("{9A19103F-16F7-4668-BE54-9A1E7A4F7556}") = "TestProjectlab1", "..\TestProjectlab1\TestProjectlab1.csproj", "{D1481A33-69E3-4B2B-832F-334614809E8C}"
EndProject
Project("{FAE04EC0-301F-11D3-BF4B-00C04F79EFBC}") = "EventManagerTests", "..\EventManagerTests\EventManagerTests.csproj", "{0AE5C0BF-CC15-46F8-9927-61AAFAD3DAE6}"
EndProject
Global
	GlobalSection(SolutionConfigurationPlatforms) = preSolution
		Debug|Any CPU = Debug|Any CPU
		Release|Any CPU = Release|Any CPU
	EndGlobalSection
	GlobalSection(ProjectConfigurationPlatforms) = postSolution
		{7D12DD36-615C-4E3D-8DBF-68165BB7A367}.Debug|Any CPU.ActiveCfg = Debug|Any CPU
		{7D12DD36-615C-4E3D-8DBF-68165BB7A367}.Debug|Any CPU.Build.0 = Debug|Any CPU
		{7D12DD36-615C-4E3D-8DBF-68165BB7A367}.Release|Any CPU.ActiveCfg = Release|Any CPU
		{7D12DD36-615C-4E3D-8DBF-68165BB7A367}.Release|Any CPU.Build.0 = Release|Any CPU
		{D1481A33-69E3-4B2B-832F-334614809E8C}.Debug|Any CPU.ActiveCfg = Debug|Any CPU
		{D1481A33-69E3-4B2B-832F-334614809E8C}.Debug|Any CPU.Build.0 = Debug|Any CPU
		{D1481A33-69E3-4B2B-832F-334614809E8C}.Release|Any CPU.ActiveCfg = Release|Any CPU
		{D1481A33-69E3-4B2B-832F-334614809E8C}.Release|Any CPU.Build.0 = Release|Any CPU
		{0AE5C0BF-CC15-46F8-9927-61AAFAD3DAE6}.Debug|Any CPU.ActiveCfg = Debug|Any CPU
		{0AE5C0BF-CC15-46F8-9927-61AAFAD3DAE6}.Debug|Any CPU.Build.0 = Debug|Any CPU
		{0AE5C0BF-CC15-46F8-9927-61AAFAD3DAE6}.Release|Any CPU.ActiveCfg = Release|Any CPU
		{0AE5C0BF-CC15-46F8-9927-61AAFAD3DAE6}.Release|Any CPU.Build.0 = Release|Any CPU
	EndGlobalSection
	GlobalSection(SolutionProperties) = preSolution
		HideSolutionNode = FALSE
	EndGlobalSection
	GlobalSection(ExtensibilityGlobals) = postSolution
		SolutionGuid = {765E4405-0E9E-41F6-BE80-1669043E8F7E}
	EndGlobalSection
EndGlobal
